PODS:
  - iOSSnapshotTestCase (7.0.0):
    - iOSSnapshotTestCase/SwiftSupport (= 7.0.0)
  - iOSSnapshotTestCase/Core (7.0.0)
  - iOSSnapshotTestCase/SwiftSupport (7.0.0):
    - iOSSnapshotTestCase/Core
  - SwiftLint (0.57.1)

DEPENDENCIES:
  - iOSSnapshotTestCase (~> 7.0.0)
  - SwiftLint (~> 0.57.1)

SPEC REPOS:
  trunk:
    - iOSSnapshotTestCase
    - SwiftLint

SPEC CHECKSUMS:
  iOSSnapshotTestCase: 63402a5707db9c4103b6cc3f04c76e981fff7952
  SwiftLint: 92196976e597b9afec5dbe374810103e6c1d9d7c

PODFILE CHECKSUM: a7c4c2d74dcc1fa89f5cacee8698317f5ee653d4

COCOAPODS: 1.16.2
