// !$*UTF8*$!
{
	archiveVersion = 1;
	classes = {
	};
	objectVersion = 46;
	objects = {

/* Begin PBXBuildFile section */
		377DB07D799B8852718F6027 /* Pods_FocusTvButtonTests.framework in Frameworks */ = {isa = PBXBuildFile; fileRef = E5D8FEEE746F1FD708AB5E94 /* Pods_FocusTvButtonTests.framework */; };
		FF036C0A1D990BAF008F8824 /* FocusTvButton.h in Headers */ = {isa = PBXBuildFile; fileRef = FF036C081D990BAF008F8824 /* FocusTvButton.h */; settings = {ATTRIBUTES = (Public, ); }; };
		FF036C121D990BD4008F8824 /* FocusTvButton.swift in Sources */ = {isa = PBXBuildFile; fileRef = FF036C111D990BD4008F8824 /* FocusTvButton.swift */; };
		FFD72BE81FDE85EF00833ACA /* FocusTvButtonTests.swift in Sources */ = {isa = PBXBuildFile; fileRef = FFD72BE71FDE85EF00833ACA /* FocusTvButtonTests.swift */; };
		FFD72BEA1FDE85EF00833ACA /* FocusTvButton.framework in Frameworks */ = {isa = PBXBuildFile; fileRef = FF036C051D990BAF008F8824 /* FocusTvButton.framework */; };
/* End PBXBuildFile section */

/* Begin PBXContainerItemProxy section */
		FFD72BEB1FDE85EF00833ACA /* PBXContainerItemProxy */ = {
			isa = PBXContainerItemProxy;
			containerPortal = FF036BFC1D990BAF008F8824 /* Project object */;
			proxyType = 1;
			remoteGlobalIDString = FF036C041D990BAF008F8824;
			remoteInfo = FocusTvButton;
		};
/* End PBXContainerItemProxy section */

/* Begin PBXFileReference section */
		2068B5ECA9CC732FC77D2412 /* Pods-FocusTvButtonTests.debug.xcconfig */ = {isa = PBXFileReference; includeInIndex = 1; lastKnownFileType = text.xcconfig; name = "Pods-FocusTvButtonTests.debug.xcconfig"; path = "Pods/Target Support Files/Pods-FocusTvButtonTests/Pods-FocusTvButtonTests.debug.xcconfig"; sourceTree = "<group>"; };
		5FB55C5B2C34598B9F094355 /* Pods-FocusTvButtonTests.release.xcconfig */ = {isa = PBXFileReference; includeInIndex = 1; lastKnownFileType = text.xcconfig; name = "Pods-FocusTvButtonTests.release.xcconfig"; path = "Pods/Target Support Files/Pods-FocusTvButtonTests/Pods-FocusTvButtonTests.release.xcconfig"; sourceTree = "<group>"; };
		E5D8FEEE746F1FD708AB5E94 /* Pods_FocusTvButtonTests.framework */ = {isa = PBXFileReference; explicitFileType = wrapper.framework; includeInIndex = 0; path = Pods_FocusTvButtonTests.framework; sourceTree = BUILT_PRODUCTS_DIR; };
		FF036C051D990BAF008F8824 /* FocusTvButton.framework */ = {isa = PBXFileReference; explicitFileType = wrapper.framework; includeInIndex = 0; path = FocusTvButton.framework; sourceTree = BUILT_PRODUCTS_DIR; };
		FF036C081D990BAF008F8824 /* FocusTvButton.h */ = {isa = PBXFileReference; lastKnownFileType = sourcecode.c.h; path = FocusTvButton.h; sourceTree = "<group>"; };
		FF036C091D990BAF008F8824 /* Info.plist */ = {isa = PBXFileReference; lastKnownFileType = text.plist.xml; path = Info.plist; sourceTree = "<group>"; };
		FF036C111D990BD4008F8824 /* FocusTvButton.swift */ = {isa = PBXFileReference; fileEncoding = 4; lastKnownFileType = sourcecode.swift; path = FocusTvButton.swift; sourceTree = "<group>"; };
		FFD72BE51FDE85EF00833ACA /* FocusTvButtonTests.xctest */ = {isa = PBXFileReference; explicitFileType = wrapper.cfbundle; includeInIndex = 0; path = FocusTvButtonTests.xctest; sourceTree = BUILT_PRODUCTS_DIR; };
		FFD72BE71FDE85EF00833ACA /* FocusTvButtonTests.swift */ = {isa = PBXFileReference; lastKnownFileType = sourcecode.swift; path = FocusTvButtonTests.swift; sourceTree = "<group>"; };
		FFD72BE91FDE85EF00833ACA /* Info.plist */ = {isa = PBXFileReference; lastKnownFileType = text.plist.xml; path = Info.plist; sourceTree = "<group>"; };
/* End PBXFileReference section */

/* Begin PBXFrameworksBuildPhase section */
		FF036C011D990BAF008F8824 /* Frameworks */ = {
			isa = PBXFrameworksBuildPhase;
			buildActionMask = 2147483647;
			files = (
			);
			runOnlyForDeploymentPostprocessing = 0;
		};
		FFD72BE21FDE85EF00833ACA /* Frameworks */ = {
			isa = PBXFrameworksBuildPhase;
			buildActionMask = 2147483647;
			files = (
				FFD72BEA1FDE85EF00833ACA /* FocusTvButton.framework in Frameworks */,
				377DB07D799B8852718F6027 /* Pods_FocusTvButtonTests.framework in Frameworks */,
			);
			runOnlyForDeploymentPostprocessing = 0;
		};
/* End PBXFrameworksBuildPhase section */

/* Begin PBXGroup section */
		4E7394B84352E21C5EFD109C /* Pods */ = {
			isa = PBXGroup;
			children = (
				2068B5ECA9CC732FC77D2412 /* Pods-FocusTvButtonTests.debug.xcconfig */,
				5FB55C5B2C34598B9F094355 /* Pods-FocusTvButtonTests.release.xcconfig */,
			);
			name = Pods;
			sourceTree = "<group>";
		};
		DA7ABBDC37BFBC361AF0227B /* Frameworks */ = {
			isa = PBXGroup;
			children = (
				E5D8FEEE746F1FD708AB5E94 /* Pods_FocusTvButtonTests.framework */,
			);
			name = Frameworks;
			sourceTree = "<group>";
		};
		FF036BFB1D990BAF008F8824 = {
			isa = PBXGroup;
			children = (
				FF036C071D990BAF008F8824 /* FocusTvButton */,
				FFD72BE61FDE85EF00833ACA /* FocusTvButtonTests */,
				FF036C061D990BAF008F8824 /* Products */,
				4E7394B84352E21C5EFD109C /* Pods */,
				DA7ABBDC37BFBC361AF0227B /* Frameworks */,
			);
			sourceTree = "<group>";
		};
		FF036C061D990BAF008F8824 /* Products */ = {
			isa = PBXGroup;
			children = (
				FF036C051D990BAF008F8824 /* FocusTvButton.framework */,
				FFD72BE51FDE85EF00833ACA /* FocusTvButtonTests.xctest */,
			);
			name = Products;
			sourceTree = "<group>";
		};
		FF036C071D990BAF008F8824 /* FocusTvButton */ = {
			isa = PBXGroup;
			children = (
				FF036C101D990BD4008F8824 /* Source */,
				FF036C081D990BAF008F8824 /* FocusTvButton.h */,
				FF036C091D990BAF008F8824 /* Info.plist */,
			);
			path = FocusTvButton;
			sourceTree = "<group>";
		};
		FF036C101D990BD4008F8824 /* Source */ = {
			isa = PBXGroup;
			children = (
				FF036C111D990BD4008F8824 /* FocusTvButton.swift */,
			);
			path = Source;
			sourceTree = SOURCE_ROOT;
		};
		FFD72BE61FDE85EF00833ACA /* FocusTvButtonTests */ = {
			isa = PBXGroup;
			children = (
				FFD72BE71FDE85EF00833ACA /* FocusTvButtonTests.swift */,
				FFD72BE91FDE85EF00833ACA /* Info.plist */,
			);
			path = FocusTvButtonTests;
			sourceTree = "<group>";
		};
/* End PBXGroup section */

/* Begin PBXHeadersBuildPhase section */
		FF036C021D990BAF008F8824 /* Headers */ = {
			isa = PBXHeadersBuildPhase;
			buildActionMask = 2147483647;
			files = (
				FF036C0A1D990BAF008F8824 /* FocusTvButton.h in Headers */,
			);
			runOnlyForDeploymentPostprocessing = 0;
		};
/* End PBXHeadersBuildPhase section */

/* Begin PBXNativeTarget section */
		FF036C041D990BAF008F8824 /* FocusTvButton */ = {
			isa = PBXNativeTarget;
			buildConfigurationList = FF036C0D1D990BAF008F8824 /* Build configuration list for PBXNativeTarget "FocusTvButton" */;
			buildPhases = (
				FF036C001D990BAF008F8824 /* Sources */,
				FF036C011D990BAF008F8824 /* Frameworks */,
				FF036C021D990BAF008F8824 /* Headers */,
				FF036C031D990BAF008F8824 /* Resources */,
			);
			buildRules = (
			);
			dependencies = (
			);
			name = FocusTvButton;
			productName = FocusTvButton;
			productReference = FF036C051D990BAF008F8824 /* FocusTvButton.framework */;
			productType = "com.apple.product-type.framework";
		};
		FFD72BE41FDE85EF00833ACA /* FocusTvButtonTests */ = {
			isa = PBXNativeTarget;
			buildConfigurationList = FFD72BEF1FDE85EF00833ACA /* Build configuration list for PBXNativeTarget "FocusTvButtonTests" */;
			buildPhases = (
				5DAC3372FC27DC7355C54632 /* [CP] Check Pods Manifest.lock */,
				FFD72BE11FDE85EF00833ACA /* Sources */,
				FFD72BE21FDE85EF00833ACA /* Frameworks */,
				FFD72BE31FDE85EF00833ACA /* Resources */,
				CCBFC4B965B6880BCABA3960 /* [CP] Embed Pods Frameworks */,
			);
			buildRules = (
			);
			dependencies = (
				FFD72BEC1FDE85EF00833ACA /* PBXTargetDependency */,
			);
			name = FocusTvButtonTests;
			productName = FocusTvButtonTests;
			productReference = FFD72BE51FDE85EF00833ACA /* FocusTvButtonTests.xctest */;
			productType = "com.apple.product-type.bundle.unit-test";
		};
/* End PBXNativeTarget section */

/* Begin PBXProject section */
		FF036BFC1D990BAF008F8824 /* Project object */ = {
			isa = PBXProject;
			attributes = {
				LastSwiftUpdateCheck = 0920;
				LastUpgradeCheck = 0800;
				ORGANIZATIONNAME = "David Cordero";
				TargetAttributes = {
					FF036C041D990BAF008F8824 = {
						CreatedOnToolsVersion = 8.0;
						LastSwiftMigration = 1000;
						ProvisioningStyle = Automatic;
					};
					FFD72BE41FDE85EF00833ACA = {
						CreatedOnToolsVersion = 9.2;
						LastSwiftMigration = 1000;
						ProvisioningStyle = Automatic;
					};
				};
			};
			buildConfigurationList = FF036BFF1D990BAF008F8824 /* Build configuration list for PBXProject "FocusTvButton" */;
			compatibilityVersion = "Xcode 3.2";
			developmentRegion = English;
			hasScannedForEncodings = 0;
			knownRegions = (
				en,
			);
			mainGroup = FF036BFB1D990BAF008F8824;
			productRefGroup = FF036C061D990BAF008F8824 /* Products */;
			projectDirPath = "";
			projectRoot = "";
			targets = (
				FF036C041D990BAF008F8824 /* FocusTvButton */,
				FFD72BE41FDE85EF00833ACA /* FocusTvButtonTests */,
			);
		};
/* End PBXProject section */

/* Begin PBXResourcesBuildPhase section */
		FF036C031D990BAF008F8824 /* Resources */ = {
			isa = PBXResourcesBuildPhase;
			buildActionMask = 2147483647;
			files = (
			);
			runOnlyForDeploymentPostprocessing = 0;
		};
		FFD72BE31FDE85EF00833ACA /* Resources */ = {
			isa = PBXResourcesBuildPhase;
			buildActionMask = 2147483647;
			files = (
			);
			runOnlyForDeploymentPostprocessing = 0;
		};
/* End PBXResourcesBuildPhase section */

/* Begin PBXShellScriptBuildPhase section */
		5DAC3372FC27DC7355C54632 /* [CP] Check Pods Manifest.lock */ = {
			isa = PBXShellScriptBuildPhase;
			buildActionMask = 2147483647;
			files = (
			);
			inputPaths = (
				"${PODS_PODFILE_DIR_PATH}/Podfile.lock",
				"${PODS_ROOT}/Manifest.lock",
			);
			name = "[CP] Check Pods Manifest.lock";
			outputPaths = (
				"$(DERIVED_FILE_DIR)/Pods-FocusTvButtonTests-checkManifestLockResult.txt",
			);
			runOnlyForDeploymentPostprocessing = 0;
			shellPath = /bin/sh;
			shellScript = "diff \"${PODS_PODFILE_DIR_PATH}/Podfile.lock\" \"${PODS_ROOT}/Manifest.lock\" > /dev/null\nif [ $? != 0 ] ; then\n    # print error to STDERR\n    echo \"error: The sandbox is not in sync with the Podfile.lock. Run 'pod install' or update your CocoaPods installation.\" >&2\n    exit 1\nfi\n# This output is used by Xcode 'outputs' to avoid re-running this script phase.\necho \"SUCCESS\" > \"${SCRIPT_OUTPUT_FILE_0}\"\n";
			showEnvVarsInLog = 0;
		};
		CCBFC4B965B6880BCABA3960 /* [CP] Embed Pods Frameworks */ = {
			isa = PBXShellScriptBuildPhase;
			buildActionMask = 2147483647;
			files = (
			);
			inputPaths = (
				"${SRCROOT}/Pods/Target Support Files/Pods-FocusTvButtonTests/Pods-FocusTvButtonTests-frameworks.sh",
				"${BUILT_PRODUCTS_DIR}/iOSSnapshotTestCase/FBSnapshotTestCase.framework",
			);
			name = "[CP] Embed Pods Frameworks";
			outputPaths = (
				"${TARGET_BUILD_DIR}/${FRAMEWORKS_FOLDER_PATH}/FBSnapshotTestCase.framework",
			);
			runOnlyForDeploymentPostprocessing = 0;
			shellPath = /bin/sh;
			shellScript = "\"${SRCROOT}/Pods/Target Support Files/Pods-FocusTvButtonTests/Pods-FocusTvButtonTests-frameworks.sh\"\n";
			showEnvVarsInLog = 0;
		};
/* End PBXShellScriptBuildPhase section */

/* Begin PBXSourcesBuildPhase section */
		FF036C001D990BAF008F8824 /* Sources */ = {
			isa = PBXSourcesBuildPhase;
			buildActionMask = 2147483647;
			files = (
				FF036C121D990BD4008F8824 /* FocusTvButton.swift in Sources */,
			);
			runOnlyForDeploymentPostprocessing = 0;
		};
		FFD72BE11FDE85EF00833ACA /* Sources */ = {
			isa = PBXSourcesBuildPhase;
			buildActionMask = 2147483647;
			files = (
				FFD72BE81FDE85EF00833ACA /* FocusTvButtonTests.swift in Sources */,
			);
			runOnlyForDeploymentPostprocessing = 0;
		};
/* End PBXSourcesBuildPhase section */

/* Begin PBXTargetDependency section */
		FFD72BEC1FDE85EF00833ACA /* PBXTargetDependency */ = {
			isa = PBXTargetDependency;
			target = FF036C041D990BAF008F8824 /* FocusTvButton */;
			targetProxy = FFD72BEB1FDE85EF00833ACA /* PBXContainerItemProxy */;
		};
/* End PBXTargetDependency section */

/* Begin XCBuildConfiguration section */
		FF036C0B1D990BAF008F8824 /* Debug */ = {
			isa = XCBuildConfiguration;
			buildSettings = {
				ALWAYS_SEARCH_USER_PATHS = NO;
				CLANG_ANALYZER_NONNULL = YES;
				CLANG_CXX_LANGUAGE_STANDARD = "gnu++0x";
				CLANG_CXX_LIBRARY = "libc++";
				CLANG_ENABLE_MODULES = YES;
				CLANG_ENABLE_OBJC_ARC = YES;
				CLANG_WARN_BOOL_CONVERSION = YES;
				CLANG_WARN_CONSTANT_CONVERSION = YES;
				CLANG_WARN_DIRECT_OBJC_ISA_USAGE = YES_ERROR;
				CLANG_WARN_DOCUMENTATION_COMMENTS = YES;
				CLANG_WARN_EMPTY_BODY = YES;
				CLANG_WARN_ENUM_CONVERSION = YES;
				CLANG_WARN_INFINITE_RECURSION = YES;
				CLANG_WARN_INT_CONVERSION = YES;
				CLANG_WARN_OBJC_ROOT_CLASS = YES_ERROR;
				CLANG_WARN_SUSPICIOUS_MOVES = YES;
				CLANG_WARN_UNREACHABLE_CODE = YES;
				CLANG_WARN__DUPLICATE_METHOD_MATCH = YES;
				COPY_PHASE_STRIP = NO;
				CURRENT_PROJECT_VERSION = 1;
				DEBUG_INFORMATION_FORMAT = dwarf;
				ENABLE_STRICT_OBJC_MSGSEND = YES;
				ENABLE_TESTABILITY = YES;
				GCC_C_LANGUAGE_STANDARD = gnu99;
				GCC_DYNAMIC_NO_PIC = NO;
				GCC_NO_COMMON_BLOCKS = YES;
				GCC_OPTIMIZATION_LEVEL = 0;
				GCC_PREPROCESSOR_DEFINITIONS = (
					"DEBUG=1",
					"$(inherited)",
				);
				GCC_WARN_64_TO_32_BIT_CONVERSION = YES;
				GCC_WARN_ABOUT_RETURN_TYPE = YES_ERROR;
				GCC_WARN_UNDECLARED_SELECTOR = YES;
				GCC_WARN_UNINITIALIZED_AUTOS = YES_AGGRESSIVE;
				GCC_WARN_UNUSED_FUNCTION = YES;
				GCC_WARN_UNUSED_VARIABLE = YES;
				MTL_ENABLE_DEBUG_INFO = YES;
				ONLY_ACTIVE_ARCH = YES;
				SDKROOT = appletvos;
				SWIFT_ACTIVE_COMPILATION_CONDITIONS = DEBUG;
				SWIFT_OPTIMIZATION_LEVEL = "-Onone";
				SWIFT_VERSION = 4.0;
				TARGETED_DEVICE_FAMILY = 3;
				TVOS_DEPLOYMENT_TARGET = 10.0;
				VERSIONING_SYSTEM = "apple-generic";
				VERSION_INFO_PREFIX = "";
			};
			name = Debug;
		};
		FF036C0C1D990BAF008F8824 /* Release */ = {
			isa = XCBuildConfiguration;
			buildSettings = {
				ALWAYS_SEARCH_USER_PATHS = NO;
				CLANG_ANALYZER_NONNULL = YES;
				CLANG_CXX_LANGUAGE_STANDARD = "gnu++0x";
				CLANG_CXX_LIBRARY = "libc++";
				CLANG_ENABLE_MODULES = YES;
				CLANG_ENABLE_OBJC_ARC = YES;
				CLANG_WARN_BOOL_CONVERSION = YES;
				CLANG_WARN_CONSTANT_CONVERSION = YES;
				CLANG_WARN_DIRECT_OBJC_ISA_USAGE = YES_ERROR;
				CLANG_WARN_DOCUMENTATION_COMMENTS = YES;
				CLANG_WARN_EMPTY_BODY = YES;
				CLANG_WARN_ENUM_CONVERSION = YES;
				CLANG_WARN_INFINITE_RECURSION = YES;
				CLANG_WARN_INT_CONVERSION = YES;
				CLANG_WARN_OBJC_ROOT_CLASS = YES_ERROR;
				CLANG_WARN_SUSPICIOUS_MOVES = YES;
				CLANG_WARN_UNREACHABLE_CODE = YES;
				CLANG_WARN__DUPLICATE_METHOD_MATCH = YES;
				COPY_PHASE_STRIP = NO;
				CURRENT_PROJECT_VERSION = 1;
				DEBUG_INFORMATION_FORMAT = "dwarf-with-dsym";
				ENABLE_NS_ASSERTIONS = NO;
				ENABLE_STRICT_OBJC_MSGSEND = YES;
				GCC_C_LANGUAGE_STANDARD = gnu99;
				GCC_NO_COMMON_BLOCKS = YES;
				GCC_WARN_64_TO_32_BIT_CONVERSION = YES;
				GCC_WARN_ABOUT_RETURN_TYPE = YES_ERROR;
				GCC_WARN_UNDECLARED_SELECTOR = YES;
				GCC_WARN_UNINITIALIZED_AUTOS = YES_AGGRESSIVE;
				GCC_WARN_UNUSED_FUNCTION = YES;
				GCC_WARN_UNUSED_VARIABLE = YES;
				MTL_ENABLE_DEBUG_INFO = NO;
				SDKROOT = appletvos;
				SWIFT_OPTIMIZATION_LEVEL = "-Owholemodule";
				SWIFT_VERSION = 4.0;
				TARGETED_DEVICE_FAMILY = 3;
				TVOS_DEPLOYMENT_TARGET = 10.0;
				VALIDATE_PRODUCT = YES;
				VERSIONING_SYSTEM = "apple-generic";
				VERSION_INFO_PREFIX = "";
			};
			name = Release;
		};
		FF036C0E1D990BAF008F8824 /* Debug */ = {
			isa = XCBuildConfiguration;
			buildSettings = {
				CODE_SIGN_IDENTITY = "";
				DEFINES_MODULE = YES;
				DYLIB_COMPATIBILITY_VERSION = 1;
				DYLIB_CURRENT_VERSION = 1;
				DYLIB_INSTALL_NAME_BASE = "@rpath";
				INFOPLIST_FILE = FocusTvButton/Info.plist;
				INSTALL_PATH = "$(LOCAL_LIBRARY_DIR)/Frameworks";
				LD_RUNPATH_SEARCH_PATHS = "$(inherited) @executable_path/Frameworks @loader_path/Frameworks";
				PRODUCT_BUNDLE_IDENTIFIER = com.dcordero.FocusTvButton;
				PRODUCT_NAME = "$(TARGET_NAME)";
				SKIP_INSTALL = YES;
				SWIFT_VERSION = 4.2;
			};
			name = Debug;
		};
		FF036C0F1D990BAF008F8824 /* Release */ = {
			isa = XCBuildConfiguration;
			buildSettings = {
				CODE_SIGN_IDENTITY = "";
				DEFINES_MODULE = YES;
				DYLIB_COMPATIBILITY_VERSION = 1;
				DYLIB_CURRENT_VERSION = 1;
				DYLIB_INSTALL_NAME_BASE = "@rpath";
				INFOPLIST_FILE = FocusTvButton/Info.plist;
				INSTALL_PATH = "$(LOCAL_LIBRARY_DIR)/Frameworks";
				LD_RUNPATH_SEARCH_PATHS = "$(inherited) @executable_path/Frameworks @loader_path/Frameworks";
				PRODUCT_BUNDLE_IDENTIFIER = com.dcordero.FocusTvButton;
				PRODUCT_NAME = "$(TARGET_NAME)";
				SKIP_INSTALL = YES;
				SWIFT_VERSION = 4.2;
			};
			name = Release;
		};
		FFD72BED1FDE85EF00833ACA /* Debug */ = {
			isa = XCBuildConfiguration;
			baseConfigurationReference = 2068B5ECA9CC732FC77D2412 /* Pods-FocusTvButtonTests.debug.xcconfig */;
			buildSettings = {
				CLANG_ANALYZER_NUMBER_OBJECT_CONVERSION = YES_AGGRESSIVE;
				CLANG_CXX_LANGUAGE_STANDARD = "gnu++14";
				CLANG_WARN_BLOCK_CAPTURE_AUTORELEASING = YES;
				CLANG_WARN_COMMA = YES;
				CLANG_WARN_NON_LITERAL_NULL_CONVERSION = YES;
				CLANG_WARN_OBJC_LITERAL_CONVERSION = YES;
				CLANG_WARN_RANGE_LOOP_ANALYSIS = YES;
				CLANG_WARN_STRICT_PROTOTYPES = YES;
				CLANG_WARN_SUSPICIOUS_MOVE = YES;
				CLANG_WARN_UNGUARDED_AVAILABILITY = YES_AGGRESSIVE;
				CODE_SIGN_STYLE = Automatic;
				GCC_C_LANGUAGE_STANDARD = gnu11;
				INFOPLIST_FILE = FocusTvButtonTests/Info.plist;
				LD_RUNPATH_SEARCH_PATHS = "$(inherited) @executable_path/Frameworks @loader_path/Frameworks";
				PRODUCT_BUNDLE_IDENTIFIER = me.dcordero.FocusTvButtonTests;
				PRODUCT_NAME = "$(TARGET_NAME)";
				SWIFT_VERSION = 4.2;
				TARGETED_DEVICE_FAMILY = 3;
				TVOS_DEPLOYMENT_TARGET = 11.2;
			};
			name = Debug;
		};
		FFD72BEE1FDE85EF00833ACA /* Release */ = {
			isa = XCBuildConfiguration;
			baseConfigurationReference = 5FB55C5B2C34598B9F094355 /* Pods-FocusTvButtonTests.release.xcconfig */;
			buildSettings = {
				CLANG_ANALYZER_NUMBER_OBJECT_CONVERSION = YES_AGGRESSIVE;
				CLANG_CXX_LANGUAGE_STANDARD = "gnu++14";
				CLANG_WARN_BLOCK_CAPTURE_AUTORELEASING = YES;
				CLANG_WARN_COMMA = YES;
				CLANG_WARN_NON_LITERAL_NULL_CONVERSION = YES;
				CLANG_WARN_OBJC_LITERAL_CONVERSION = YES;
				CLANG_WARN_RANGE_LOOP_ANALYSIS = YES;
				CLANG_WARN_STRICT_PROTOTYPES = YES;
				CLANG_WARN_SUSPICIOUS_MOVE = YES;
				CLANG_WARN_UNGUARDED_AVAILABILITY = YES_AGGRESSIVE;
				CODE_SIGN_STYLE = Automatic;
				GCC_C_LANGUAGE_STANDARD = gnu11;
				INFOPLIST_FILE = FocusTvButtonTests/Info.plist;
				LD_RUNPATH_SEARCH_PATHS = "$(inherited) @executable_path/Frameworks @loader_path/Frameworks";
				PRODUCT_BUNDLE_IDENTIFIER = me.dcordero.FocusTvButtonTests;
				PRODUCT_NAME = "$(TARGET_NAME)";
				SWIFT_VERSION = 4.2;
				TARGETED_DEVICE_FAMILY = 3;
				TVOS_DEPLOYMENT_TARGET = 11.2;
			};
			name = Release;
		};
/* End XCBuildConfiguration section */

/* Begin XCConfigurationList section */
		FF036BFF1D990BAF008F8824 /* Build configuration list for PBXProject "FocusTvButton" */ = {
			isa = XCConfigurationList;
			buildConfigurations = (
				FF036C0B1D990BAF008F8824 /* Debug */,
				FF036C0C1D990BAF008F8824 /* Release */,
			);
			defaultConfigurationIsVisible = 0;
			defaultConfigurationName = Release;
		};
		FF036C0D1D990BAF008F8824 /* Build configuration list for PBXNativeTarget "FocusTvButton" */ = {
			isa = XCConfigurationList;
			buildConfigurations = (
				FF036C0E1D990BAF008F8824 /* Debug */,
				FF036C0F1D990BAF008F8824 /* Release */,
			);
			defaultConfigurationIsVisible = 0;
			defaultConfigurationName = Release;
		};
		FFD72BEF1FDE85EF00833ACA /* Build configuration list for PBXNativeTarget "FocusTvButtonTests" */ = {
			isa = XCConfigurationList;
			buildConfigurations = (
				FFD72BED1FDE85EF00833ACA /* Debug */,
				FFD72BEE1FDE85EF00833ACA /* Release */,
			);
			defaultConfigurationIsVisible = 0;
			defaultConfigurationName = Release;
		};
/* End XCConfigurationList section */
	};
	rootObject = FF036BFC1D990BAF008F8824 /* Project object */;
}
